github.com/alouca/gologger v0.0.0-20120904114645-7d4b7291de9c h1:k/7/05/5kPRX7HaKyVYlsGVX6XkFTyYLqkqHzceUVlU=
github.com/alouca/gologger v0.0.0-20120904114645-7d4b7291de9c/go.mod h1:SI1d/2/wpSTDjHgdS9ZLy6hqvsdhzVYAc8RLztweMpA=
github.com/alouca/gosnmp v0.0.0-20170620005048-04d83944c9ab h1:pfx9N/EMDxIwVzGu9JLnmbOMNukW1mfPA9Ymo+S58Ng=
github.com/alouca/gosnmp v0.0.0-20170620005048-04d83944c9ab/go.mod h1:kEcj+iUROrUCr7AIrul5NutI2kWv0ns9BL0ezVp1h/Y=
github.com/davecgh/go-spew v1.1.1 h1:vj9j/u1bqnvCEfJOwUhtlOARqs3+rkHYY13jYWTU97c=
github.com/davecgh/go-spew v1.1.1/go.mod h1:J7Y8YcW2NihsgmVo/mv3lAwl/skON4iLHjSsI+c5H38=
github.com/gosnmp/gosnmp v1.37.0 h1:/Tf8D3b9wrnNuf/SfbvO+44mPrjVphBhRtcGg22V07Y=
github.com/gosnmp/gosnmp v1.37.0/go.mod h1:GDH9vNqpsD7f2HvZhKs5dlqSEcAS6s6Qp099oZRCR+M=
github.com/pmezard/go-difflib v1.0.0 h1:4DBwDE0NGyQoBHbLQYPwSUPoCMWR5BEzIk/f1lZbAQM=
github.com/pmezard/go-difflib v1.0.0/go.mod h1:iKH77koFhYxTK1pcRnkKkqfTogsbg7gZNVY4sRDYZ/4=
github.com/stretchr/testify v1.8.4 h1:CcVxjf3Q8PM0mHUKJCdn+eZZtm5yQwehR5yeSVQQcUk=
github.com/stretchr/testify v1.8.4/go.mod h1:sz/lmYIOXD/1dqDmKjjqLyZ2RngseejIcXlSw2iwfAo=
go.uber.org/goleak v1.3.0 h1:2K3zAYmnTNqV73imy9J1T3WC+gmCePx2hEGkimedGto=
go.uber.org/goleak v1.3.0/go.mod h1:CoHD4mav9JJNrW/WLlf7HGZPjdw8EucARQHekz1X6bE=
go.uber.org/multierr v1.10.0 h1:S0h4aNzvfcFsC3dRF1jLoaov7oRaKqRGC/pUEJ2yvPQ=
go.uber.org/multierr v1.10.0/go.mod h1:20+QtiLqy0Nd6FdQB9TLXag12DsQkrbs3htMFfDN80Y=
go.uber.org/zap v1.27.0 h1:aJMhYGrd5QSmlpLMr2MftRKl7t8J8PTZPA732ud/XR8=
go.uber.org/zap v1.27.0/go.mod h1:GB2qFLM7cTU87MWRP2mPIjqfIDnGu+VIO4V/SdhGo2E=
gopkg.in/yaml.v3 v3.0.1 h1:fxVm/GzAzEWqLHuvctI91KS9hhNmmWOoWu0XTYJS7CA=
gopkg.in/yaml.v3 v3.0.1/go.mod h1:K4uyk7z7BCEPqu6E+C64Yfv1cQ7kz7rIZviUmN+EgEM=
